
Microsoft Visual Studio Solution File, Format Version 12.00
# Visual Studio Version 17
VisualStudioVersion = 17.14.36717.8 d17.14
MinimumVisualStudioVersion = 10.0.40219.1
Project("{FAE04EC0-301F-11D3-BF4B-00C04F79EFBC}") = "EF_Ass_1", "EF_Ass_1\EF_Ass_1.csproj", "{0D437283-682F-43C0-A9FD-54F97B327679}"
EndProject
Global
	GlobalSection(SolutionConfigurationPlatforms) = preSolution
		Debug|Any CPU = Debug|Any CPU
		Release|Any CPU = Release|Any CPU
	EndGlobalSection
	GlobalSection(ProjectConfigurationPlatforms) = postSolution
		{0D437283-682F-43C0-A9FD-54F97B327679}.Debug|Any CPU.ActiveCfg = Debug|Any CPU
		{0D437283-682F-43C0-A9FD-54F97B327679}.Debug|Any CPU.Build.0 = Debug|Any CPU
		{0D437283-682F-43C0-A9FD-54F97B327679}.Release|Any CPU.ActiveCfg = Release|Any CPU
		{0D437283-682F-43C0-A9FD-54F97B327679}.Release|Any CPU.Build.0 = Release|Any CPU
	EndGlobalSection
	GlobalSection(SolutionProperties) = preSolution
		HideSolutionNode = FALSE
	EndGlobalSection
	GlobalSection(ExtensibilityGlobals) = postSolution
		SolutionGuid = {BD3B7A2E-3116-43F1-8C83-59C037814D45}
	EndGlobalSection
EndGlobal
